
Microsoft Visual Studio Solution File, Format Version 12.00
# Visual Studio Version 17
VisualStudioVersion = 17.10.34928.147
MinimumVisualStudioVersion = 10.0.40219.1
Project("{FAE04EC0-301F-11D3-BF4B-00C04F79EFBC}") = "tkbgui", "tkbgui\tkbgui.csproj", "{745092DB-FCED-4980-BF2A-E2CF22B012E0}"
EndProject
Global
	GlobalSection(SolutionConfigurationPlatforms) = preSolution
		Debug|Any CPU = Debug|Any CPU
		Release|Any CPU = Release|Any CPU
	EndGlobalSection
	GlobalSection(ProjectConfigurationPlatforms) = postSolution
		{745092DB-FCED-4980-BF2A-E2CF22B012E0}.Debug|Any CPU.ActiveCfg = Debug|Any CPU
		{745092DB-FCED-4980-BF2A-E2CF22B012E0}.Debug|Any CPU.Build.0 = Debug|Any CPU
		{745092DB-FCED-4980-BF2A-E2CF22B012E0}.Release|Any CPU.ActiveCfg = Release|Any CPU
		{745092DB-FCED-4980-BF2A-E2CF22B012E0}.Release|Any CPU.Build.0 = Release|Any CPU
	EndGlobalSection
	GlobalSection(SolutionProperties) = preSolution
		HideSolutionNode = FALSE
	EndGlobalSection
	GlobalSection(ExtensibilityGlobals) = postSolution
		SolutionGuid = {FA6CC381-586A-45C0-A07D-1B57955F06AD}
	EndGlobalSection
EndGlobal
